
Microsoft Visual Studio Solution File, Format Version 12.00
# Visual Studio Version 17
VisualStudioVersion = 17.8.34408.163
MinimumVisualStudioVersion = 10.0.40219.1
Project("{FAE04EC0-301F-11D3-BF4B-00C04F79EFBC}") = "GenericHostWPFbyHand", "GenericHostWPFbyHand\GenericHostWPFbyHand.csproj", "{B4C2D753-842B-421B-AA28-9F448DBD789A}"
EndProject
Global
	GlobalSection(SolutionConfigurationPlatforms) = preSolution
		Debug|Any CPU = Debug|Any CPU
		Release|Any CPU = Release|Any CPU
	EndGlobalSection
	GlobalSection(ProjectConfigurationPlatforms) = postSolution
		{B4C2D753-842B-421B-AA28-9F448DBD789A}.Debug|Any CPU.ActiveCfg = Debug|Any CPU
		{B4C2D753-842B-421B-AA28-9F448DBD789A}.Debug|Any CPU.Build.0 = Debug|Any CPU
		{B4C2D753-842B-421B-AA28-9F448DBD789A}.Release|Any CPU.ActiveCfg = Release|Any CPU
		{B4C2D753-842B-421B-AA28-9F448DBD789A}.Release|Any CPU.Build.0 = Release|Any CPU
	EndGlobalSection
	GlobalSection(SolutionProperties) = preSolution
		HideSolutionNode = FALSE
	EndGlobalSection
	GlobalSection(ExtensibilityGlobals) = postSolution
		SolutionGuid = {1335982F-8681-4F4D-8960-E3A0A909CE14}
	EndGlobalSection
EndGlobal
